
Microsoft Visual Studio Solution File, Format Version 12.00
# Visual Studio Version 16
VisualStudioVersion = 16.0.30717.126
MinimumVisualStudioVersion = 10.0.40219.1
Project("{9A19103F-16F7-4668-BE54-9A1E7A4F7556}") = "SensorRead", "SensorRead.csproj", "{D5BBB966-E2F9-4027-812A-681369FB1E39}"
EndProject
Global
	GlobalSection(SolutionConfigurationPlatforms) = preSolution
		Debug|Any CPU = Debug|Any CPU
		Release|Any CPU = Release|Any CPU
	EndGlobalSection
	GlobalSection(ProjectConfigurationPlatforms) = postSolution
		{D5BBB966-E2F9-4027-812A-681369FB1E39}.Debug|Any CPU.ActiveCfg = Debug|Any CPU
		{D5BBB966-E2F9-4027-812A-681369FB1E39}.Debug|Any CPU.Build.0 = Debug|Any CPU
		{D5BBB966-E2F9-4027-812A-681369FB1E39}.Release|Any CPU.ActiveCfg = Release|Any CPU
		{D5BBB966-E2F9-4027-812A-681369FB1E39}.Release|Any CPU.Build.0 = Release|Any CPU
	EndGlobalSection
	GlobalSection(SolutionProperties) = preSolution
		HideSolutionNode = FALSE
	EndGlobalSection
	GlobalSection(ExtensibilityGlobals) = postSolution
		SolutionGuid = {E4FE7AFB-EF70-47A6-9A0B-AB1AE4870F24}
	EndGlobalSection
EndGlobal
